
Microsoft Visual Studio Solution File, Format Version 12.00
# Visual Studio Version 17
VisualStudioVersion = 17.13.35828.75 d17.13
MinimumVisualStudioVersion = 10.0.40219.1
Project("{8BC9CEB8-8B4A-11D0-8D11-00A0C91BC942}") = "royuengine", "royuengine\royuengine.vcxproj", "{B3C3DB68-6B17-4F11-98E2-5D3DF962EE45}"
EndProject
Project("{8BC9CEB8-8B4A-11D0-8D11-00A0C91BC942}") = "sandbox", "sandbox\sandbox.vcxproj", "{D22C0264-C2AC-4991-AEDB-B440B805B848}"
EndProject
Global
	GlobalSection(SolutionConfigurationPlatforms) = preSolution
		Debug|x64 = Debug|x64
		Release|x64 = Release|x64
	EndGlobalSection
	GlobalSection(ProjectConfigurationPlatforms) = postSolution
		{B3C3DB68-6B17-4F11-98E2-5D3DF962EE45}.Debug|x64.ActiveCfg = Debug|x64
		{B3C3DB68-6B17-4F11-98E2-5D3DF962EE45}.Debug|x64.Build.0 = Debug|x64
		{B3C3DB68-6B17-4F11-98E2-5D3DF962EE45}.Release|x64.ActiveCfg = Release|x64
		{B3C3DB68-6B17-4F11-98E2-5D3DF962EE45}.Release|x64.Build.0 = Release|x64
		{D22C0264-C2AC-4991-AEDB-B440B805B848}.Debug|x64.ActiveCfg = Debug|x64
		{D22C0264-C2AC-4991-AEDB-B440B805B848}.Debug|x64.Build.0 = Debug|x64
		{D22C0264-C2AC-4991-AEDB-B440B805B848}.Release|x64.ActiveCfg = Release|x64
		{D22C0264-C2AC-4991-AEDB-B440B805B848}.Release|x64.Build.0 = Release|x64
	EndGlobalSection
	GlobalSection(SolutionProperties) = preSolution
		HideSolutionNode = FALSE
	EndGlobalSection
	GlobalSection(ExtensibilityGlobals) = postSolution
		SolutionGuid = {4E66A1CC-AB11-49BD-A21C-E1A151EA9B33}
	EndGlobalSection
EndGlobal
