<?xml version="1.0" encoding="utf-8"?>
<Project ToolsVersion="4.0" xmlns="http://schemas.microsoft.com/developer/msbuild/2003">
  <ItemGroup>
    <Filter Include="platform">
      <UniqueIdentifier>{4A63C33C-3630-1E48-5F49-0CF04B7553D6}</UniqueIdentifier>
    </Filter>
    <Filter Include="platform\windows">
      <UniqueIdentifier>{A44FC440-9048-E392-B97A-C817A5D2C29E}</UniqueIdentifier>
    </Filter>
    <Filter Include="royuengine">
      <UniqueIdentifier>{2AB96C51-1671-AE9E-7F78-87FA6B4F498F}</UniqueIdentifier>
    </Filter>
    <Filter Include="royuengine\event">
      <UniqueIdentifier>{1B026A9E-07FB-88F0-302D-6E751C8568FC}</UniqueIdentifier>
    </Filter>
  </ItemGroup>
  <ItemGroup>
    <ClInclude Include="src\platform\windows\windows_window.h">
      <Filter>platform\windows</Filter>
    </ClInclude>
    <ClInclude Include="src\royuengine.h" />
    <ClInclude Include="src\royuengine\application.h">
      <Filter>royuengine</Filter>
    </ClInclude>
    <ClInclude Include="src\royuengine\core.h">
      <Filter>royuengine</Filter>
    </ClInclude>
    <ClInclude Include="src\royuengine\entry_point.h">
      <Filter>royuengine</Filter>
    </ClInclude>
    <ClInclude Include="src\royuengine\event\application_event.h">
      <Filter>royuengine\event</Filter>
    </ClInclude>
    <ClInclude Include="src\royuengine\event\event.h">
      <Filter>royuengine\event</Filter>
    </ClInclude>
    <ClInclude Include="src\royuengine\event\key_event.h">
      <Filter>royuengine\event</Filter>
    </ClInclude>
    <ClInclude Include="src\royuengine\event\mouse_event.h">
      <Filter>royuengine\event</Filter>
    </ClInclude>
    <ClInclude Include="src\royuengine\log.h">
      <Filter>royuengine</Filter>
    </ClInclude>
    <ClInclude Include="src\royuengine\window.h">
      <Filter>royuengine</Filter>
    </ClInclude>
    <ClInclude Include="src\rypch.h" />
  </ItemGroup>
  <ItemGroup>
    <ClCompile Include="src\platform\windows\windows_window.cpp">
      <Filter>platform\windows</Filter>
    </ClCompile>
    <ClCompile Include="src\royuengine\application.cpp">
      <Filter>royuengine</Filter>
    </ClCompile>
    <ClCompile Include="src\royuengine\log.cpp">
      <Filter>royuengine</Filter>
    </ClCompile>
    <ClCompile Include="src\rypch.cpp" />
  </ItemGroup>
</Project>